
Microsoft Visual Studio Solution File, Format Version 12.00
# Visual Studio Version 17
VisualStudioVersion = 17.12.35527.113 d17.12
MinimumVisualStudioVersion = 10.0.40219.1
Project("{FAE04EC0-301F-11D3-BF4B-00C04F79EFBC}") = "Lab1_CP", "Lab1_CP\Lab1_CP.csproj", "{03A56EC3-1069-4894-A105-CB3957F8187F}"
EndProject
Global
	GlobalSection(SolutionConfigurationPlatforms) = preSolution
		Debug|Any CPU = Debug|Any CPU
		Release|Any CPU = Release|Any CPU
	EndGlobalSection
	GlobalSection(ProjectConfigurationPlatforms) = postSolution
		{03A56EC3-1069-4894-A105-CB3957F8187F}.Debug|Any CPU.ActiveCfg = Debug|Any CPU
		{03A56EC3-1069-4894-A105-CB3957F8187F}.Debug|Any CPU.Build.0 = Debug|Any CPU
		{03A56EC3-1069-4894-A105-CB3957F8187F}.Release|Any CPU.ActiveCfg = Release|Any CPU
		{03A56EC3-1069-4894-A105-CB3957F8187F}.Release|Any CPU.Build.0 = Release|Any CPU
	EndGlobalSection
	GlobalSection(SolutionProperties) = preSolution
		HideSolutionNode = FALSE
	EndGlobalSection
EndGlobal
